// !$*UTF8*$!
{
	archiveVersion = 1;
	classes = {
	};
	objectVersion = 70;
	objects = {

/* Begin PBXBuildFile section */
		651055DE2CB2A9F0004CCBCD /* KeynoteProgressBarHelper.framework in Frameworks */ = {isa = PBXBuildFile; fileRef = 659209A821EE46D1003AF1F4 /* KeynoteProgressBarHelper.framework */; };
		651055DF2CB2A9F0004CCBCD /* KeynoteProgressBarHelper.framework in Embed Frameworks */ = {isa = PBXBuildFile; fileRef = 659209A821EE46D1003AF1F4 /* KeynoteProgressBarHelper.framework */; settings = {ATTRIBUTES = (CodeSignOnCopy, RemoveHeadersOnCopy, ); }; };
		659209B221EE46D2003AF1F4 /* KeynoteProgressBarHelper.framework in Frameworks */ = {isa = PBXBuildFile; fileRef = 659209A821EE46D1003AF1F4 /* KeynoteProgressBarHelper.framework */; };
		659209B921EE46D2003AF1F4 /* KeynoteProgressBarHelper.h in Headers */ = {isa = PBXBuildFile; fileRef = 659209AB21EE46D1003AF1F4 /* KeynoteProgressBarHelper.h */; settings = {ATTRIBUTES = (Public, ); }; };
		659209D421EE545D003AF1F4 /* ProgressBarPDFImage.h in Headers */ = {isa = PBXBuildFile; fileRef = 659209D221EE545D003AF1F4 /* ProgressBarPDFImage.h */; settings = {ATTRIBUTES = (Public, ); }; };
		659209D521EE545D003AF1F4 /* ProgressBarPDFImage.m in Sources */ = {isa = PBXBuildFile; fileRef = 659209D321EE545D003AF1F4 /* ProgressBarPDFImage.m */; };
		65C331EB2BF8FA390072F85A /* ProgressBarKeynoteUI.h in Headers */ = {isa = PBXBuildFile; fileRef = 65C331EA2BF8FA2F0072F85A /* ProgressBarKeynoteUI.h */; settings = {ATTRIBUTES = (Public, ); }; };
		65C331ED2BF8FB300072F85A /* ProgressBarKeynoteUI.m in Sources */ = {isa = PBXBuildFile; fileRef = 65C331EC2BF8FB300072F85A /* ProgressBarKeynoteUI.m */; };
/* End PBXBuildFile section */

/* Begin PBXContainerItemProxy section */
		651055C42CB2A966004CCBCD /* PBXContainerItemProxy */ = {
			isa = PBXContainerItemProxy;
			containerPortal = 6592099F21EE46D1003AF1F4 /* Project object */;
			proxyType = 1;
			remoteGlobalIDString = 651055B12CB2A964004CCBCD;
			remoteInfo = "App for testing components";
		};
		651055E02CB2A9F0004CCBCD /* PBXContainerItemProxy */ = {
			isa = PBXContainerItemProxy;
			containerPortal = 6592099F21EE46D1003AF1F4 /* Project object */;
			proxyType = 1;
			remoteGlobalIDString = 659209A721EE46D1003AF1F4;
			remoteInfo = KeynoteProgressBarHelper;
		};
		659209B321EE46D2003AF1F4 /* PBXContainerItemProxy */ = {
			isa = PBXContainerItemProxy;
			containerPortal = 6592099F21EE46D1003AF1F4 /* Project object */;
			proxyType = 1;
			remoteGlobalIDString = 659209A721EE46D1003AF1F4;
			remoteInfo = KeynoteProgressBarHelper;
		};
/* End PBXContainerItemProxy section */

/* Begin PBXCopyFilesBuildPhase section */
		651055E22CB2A9F0004CCBCD /* Embed Frameworks */ = {
			isa = PBXCopyFilesBuildPhase;
			buildActionMask = 2147483647;
			dstPath = "";
			dstSubfolderSpec = 10;
			files = (
				651055DF2CB2A9F0004CCBCD /* KeynoteProgressBarHelper.framework in Embed Frameworks */,
			);
			name = "Embed Frameworks";
			runOnlyForDeploymentPostprocessing = 0;
		};
/* End PBXCopyFilesBuildPhase section */

/* Begin PBXFileReference section */
		651055B22CB2A964004CCBCD /* App for testing components.app */ = {isa = PBXFileReference; explicitFileType = wrapper.application; includeInIndex = 0; path = "App for testing components.app"; sourceTree = BUILT_PRODUCTS_DIR; };
		651055C32CB2A966004CCBCD /* App for testing componentsTests.xctest */ = {isa = PBXFileReference; explicitFileType = wrapper.cfbundle; includeInIndex = 0; path = "App for testing componentsTests.xctest"; sourceTree = BUILT_PRODUCTS_DIR; };
		659209A821EE46D1003AF1F4 /* KeynoteProgressBarHelper.framework */ = {isa = PBXFileReference; explicitFileType = wrapper.framework; includeInIndex = 0; path = KeynoteProgressBarHelper.framework; sourceTree = BUILT_PRODUCTS_DIR; };
		659209AB21EE46D1003AF1F4 /* KeynoteProgressBarHelper.h */ = {isa = PBXFileReference; lastKnownFileType = sourcecode.c.h; path = KeynoteProgressBarHelper.h; sourceTree = "<group>"; };
		659209B121EE46D2003AF1F4 /* KeynoteProgressBarHelperTests.xctest */ = {isa = PBXFileReference; explicitFileType = wrapper.cfbundle; includeInIndex = 0; path = KeynoteProgressBarHelperTests.xctest; sourceTree = BUILT_PRODUCTS_DIR; };
		659209D221EE545D003AF1F4 /* ProgressBarPDFImage.h */ = {isa = PBXFileReference; lastKnownFileType = sourcecode.c.h; path = ProgressBarPDFImage.h; sourceTree = "<group>"; };
		659209D321EE545D003AF1F4 /* ProgressBarPDFImage.m */ = {isa = PBXFileReference; lastKnownFileType = sourcecode.c.objc; path = ProgressBarPDFImage.m; sourceTree = "<group>"; };
		659B994B2CB2BA2800A8A92D /* App for testing components.xctestplan */ = {isa = PBXFileReference; lastKnownFileType = text; name = "App for testing components.xctestplan"; path = "App for testing componentsTests/App for testing components.xctestplan"; sourceTree = "<group>"; };
		65C331EA2BF8FA2F0072F85A /* ProgressBarKeynoteUI.h */ = {isa = PBXFileReference; lastKnownFileType = sourcecode.c.h; path = ProgressBarKeynoteUI.h; sourceTree = "<group>"; };
		65C331EC2BF8FB300072F85A /* ProgressBarKeynoteUI.m */ = {isa = PBXFileReference; lastKnownFileType = sourcecode.c.objc; path = ProgressBarKeynoteUI.m; sourceTree = "<group>"; };
/* End PBXFileReference section */

/* Begin PBXFileSystemSynchronizedRootGroup section */
		651055B32CB2A964004CCBCD /* App for testing components */ = {isa = PBXFileSystemSynchronizedRootGroup; explicitFileTypes = {}; explicitFolders = (); path = "App for testing components"; sourceTree = "<group>"; };
		651055C62CB2A966004CCBCD /* App for testing componentsTests */ = {isa = PBXFileSystemSynchronizedRootGroup; explicitFileTypes = {}; explicitFolders = (); path = "App for testing componentsTests"; sourceTree = "<group>"; };
/* End PBXFileSystemSynchronizedRootGroup section */

/* Begin PBXFrameworksBuildPhase section */
		651055AF2CB2A964004CCBCD /* Frameworks */ = {
			isa = PBXFrameworksBuildPhase;
			buildActionMask = 2147483647;
			files = (
			);
			runOnlyForDeploymentPostprocessing = 0;
		};
		651055C02CB2A966004CCBCD /* Frameworks */ = {
			isa = PBXFrameworksBuildPhase;
			buildActionMask = 2147483647;
			files = (
				651055DE2CB2A9F0004CCBCD /* KeynoteProgressBarHelper.framework in Frameworks */,
			);
			runOnlyForDeploymentPostprocessing = 0;
		};
		659209A521EE46D1003AF1F4 /* Frameworks */ = {
			isa = PBXFrameworksBuildPhase;
			buildActionMask = 2147483647;
			files = (
			);
			runOnlyForDeploymentPostprocessing = 0;
		};
		659209AE21EE46D2003AF1F4 /* Frameworks */ = {
			isa = PBXFrameworksBuildPhase;
			buildActionMask = 2147483647;
			files = (
				659209B221EE46D2003AF1F4 /* KeynoteProgressBarHelper.framework in Frameworks */,
			);
			runOnlyForDeploymentPostprocessing = 0;
		};
/* End PBXFrameworksBuildPhase section */

/* Begin PBXGroup section */
		651E2A042CB2958800968449 /* Frameworks */ = {
			isa = PBXGroup;
			children = (
			);
			name = Frameworks;
			sourceTree = "<group>";
		};
		6592099E21EE46D1003AF1F4 = {
			isa = PBXGroup;
			children = (
				659B994B2CB2BA2800A8A92D /* App for testing components.xctestplan */,
				659209AA21EE46D1003AF1F4 /* KeynoteProgressBarHelper */,
				651055B32CB2A964004CCBCD /* App for testing components */,
				651055C62CB2A966004CCBCD /* App for testing componentsTests */,
				651E2A042CB2958800968449 /* Frameworks */,
				659209A921EE46D1003AF1F4 /* Products */,
			);
			sourceTree = "<group>";
		};
		659209A921EE46D1003AF1F4 /* Products */ = {
			isa = PBXGroup;
			children = (
				659209A821EE46D1003AF1F4 /* KeynoteProgressBarHelper.framework */,
				659209B121EE46D2003AF1F4 /* KeynoteProgressBarHelperTests.xctest */,
				651055B22CB2A964004CCBCD /* App for testing components.app */,
				651055C32CB2A966004CCBCD /* App for testing componentsTests.xctest */,
			);
			name = Products;
			sourceTree = "<group>";
		};
		659209AA21EE46D1003AF1F4 /* KeynoteProgressBarHelper */ = {
			isa = PBXGroup;
			children = (
				659209AB21EE46D1003AF1F4 /* KeynoteProgressBarHelper.h */,
				659209D221EE545D003AF1F4 /* ProgressBarPDFImage.h */,
				659209D321EE545D003AF1F4 /* ProgressBarPDFImage.m */,
				65C331EA2BF8FA2F0072F85A /* ProgressBarKeynoteUI.h */,
				65C331EC2BF8FB300072F85A /* ProgressBarKeynoteUI.m */,
			);
			path = KeynoteProgressBarHelper;
			sourceTree = "<group>";
		};
/* End PBXGroup section */

/* Begin PBXHeadersBuildPhase section */
		659209A321EE46D1003AF1F4 /* Headers */ = {
			isa = PBXHeadersBuildPhase;
			buildActionMask = 2147483647;
			files = (
				659209B921EE46D2003AF1F4 /* KeynoteProgressBarHelper.h in Headers */,
				65C331EB2BF8FA390072F85A /* ProgressBarKeynoteUI.h in Headers */,
				659209D421EE545D003AF1F4 /* ProgressBarPDFImage.h in Headers */,
			);
			runOnlyForDeploymentPostprocessing = 0;
		};
/* End PBXHeadersBuildPhase section */

/* Begin PBXNativeTarget section */
		651055B12CB2A964004CCBCD /* App for testing components */ = {
			isa = PBXNativeTarget;
			buildConfigurationList = 651055D52CB2A967004CCBCD /* Build configuration list for PBXNativeTarget "App for testing components" */;
			buildPhases = (
				651055AE2CB2A964004CCBCD /* Sources */,
				651055AF2CB2A964004CCBCD /* Frameworks */,
				651055B02CB2A964004CCBCD /* Resources */,
			);
			buildRules = (
			);
			dependencies = (
			);
			fileSystemSynchronizedGroups = (
				651055B32CB2A964004CCBCD /* App for testing components */,
			);
			name = "App for testing components";
			packageProductDependencies = (
			);
			productName = "App for testing components";
			productReference = 651055B22CB2A964004CCBCD /* App for testing components.app */;
			productType = "com.apple.product-type.application";
		};
		651055C22CB2A966004CCBCD /* App for testing componentsTests */ = {
			isa = PBXNativeTarget;
			buildConfigurationList = 651055D82CB2A967004CCBCD /* Build configuration list for PBXNativeTarget "App for testing componentsTests" */;
			buildPhases = (
				651055BF2CB2A966004CCBCD /* Sources */,
				651055C02CB2A966004CCBCD /* Frameworks */,
				651055C12CB2A966004CCBCD /* Resources */,
				651055E22CB2A9F0004CCBCD /* Embed Frameworks */,
			);
			buildRules = (
			);
			dependencies = (
				651055C52CB2A966004CCBCD /* PBXTargetDependency */,
				651055E12CB2A9F0004CCBCD /* PBXTargetDependency */,
			);
			fileSystemSynchronizedGroups = (
				651055C62CB2A966004CCBCD /* App for testing componentsTests */,
			);
			name = "App for testing componentsTests";
			packageProductDependencies = (
			);
			productName = "App for testing componentsTests";
			productReference = 651055C32CB2A966004CCBCD /* App for testing componentsTests.xctest */;
			productType = "com.apple.product-type.bundle.unit-test";
		};
		659209A721EE46D1003AF1F4 /* KeynoteProgressBarHelper */ = {
			isa = PBXNativeTarget;
			buildConfigurationList = 659209BC21EE46D2003AF1F4 /* Build configuration list for PBXNativeTarget "KeynoteProgressBarHelper" */;
			buildPhases = (
				659209A321EE46D1003AF1F4 /* Headers */,
				659209A421EE46D1003AF1F4 /* Sources */,
				659209A521EE46D1003AF1F4 /* Frameworks */,
			);
			buildRules = (
			);
			dependencies = (
			);
			name = KeynoteProgressBarHelper;
			productName = KeynoteProgressBarHelper;
			productReference = 659209A821EE46D1003AF1F4 /* KeynoteProgressBarHelper.framework */;
			productType = "com.apple.product-type.framework";
		};
		659209B021EE46D2003AF1F4 /* KeynoteProgressBarHelperTests */ = {
			isa = PBXNativeTarget;
			buildConfigurationList = 659209BF21EE46D2003AF1F4 /* Build configuration list for PBXNativeTarget "KeynoteProgressBarHelperTests" */;
			buildPhases = (
				659209AD21EE46D2003AF1F4 /* Sources */,
				659209AE21EE46D2003AF1F4 /* Frameworks */,
				659209AF21EE46D2003AF1F4 /* Resources */,
			);
			buildRules = (
			);
			dependencies = (
				659209B421EE46D2003AF1F4 /* PBXTargetDependency */,
			);
			name = KeynoteProgressBarHelperTests;
			productName = KeynoteProgressBarHelperTests;
			productReference = 659209B121EE46D2003AF1F4 /* KeynoteProgressBarHelperTests.xctest */;
			productType = "com.apple.product-type.bundle.unit-test";
		};
/* End PBXNativeTarget section */

/* Begin PBXProject section */
		6592099F21EE46D1003AF1F4 /* Project object */ = {
			isa = PBXProject;
			attributes = {
				BuildIndependentTargetsInParallel = YES;
				LastUpgradeCheck = 1600;
				ORGANIZATIONNAME = "Andrea Alberti";
				TargetAttributes = {
					651055B12CB2A964004CCBCD = {
						CreatedOnToolsVersion = 16.0;
					};
					651055C22CB2A966004CCBCD = {
						CreatedOnToolsVersion = 16.0;
						TestTargetID = 651055B12CB2A964004CCBCD;
					};
					659209A721EE46D1003AF1F4 = {
						CreatedOnToolsVersion = 10.1;
					};
					659209B021EE46D2003AF1F4 = {
						CreatedOnToolsVersion = 10.1;
					};
				};
			};
			buildConfigurationList = 659209A221EE46D1003AF1F4 /* Build configuration list for PBXProject "KeynoteProgressBarHelper" */;
			compatibilityVersion = "Xcode 9.3";
			developmentRegion = en;
			hasScannedForEncodings = 0;
			knownRegions = (
				en,
				Base,
			);
			mainGroup = 6592099E21EE46D1003AF1F4;
			productRefGroup = 659209A921EE46D1003AF1F4 /* Products */;
			projectDirPath = "";
			projectRoot = "";
			targets = (
				659209A721EE46D1003AF1F4 /* KeynoteProgressBarHelper */,
				659209B021EE46D2003AF1F4 /* KeynoteProgressBarHelperTests */,
				651055B12CB2A964004CCBCD /* App for testing components */,
				651055C22CB2A966004CCBCD /* App for testing componentsTests */,
			);
		};
/* End PBXProject section */

/* Begin PBXResourcesBuildPhase section */
		651055B02CB2A964004CCBCD /* Resources */ = {
			isa = PBXResourcesBuildPhase;
			buildActionMask = 2147483647;
			files = (
			);
			runOnlyForDeploymentPostprocessing = 0;
		};
		651055C12CB2A966004CCBCD /* Resources */ = {
			isa = PBXResourcesBuildPhase;
			buildActionMask = 2147483647;
			files = (
			);
			runOnlyForDeploymentPostprocessing = 0;
		};
		659209AF21EE46D2003AF1F4 /* Resources */ = {
			isa = PBXResourcesBuildPhase;
			buildActionMask = 2147483647;
			files = (
			);
			runOnlyForDeploymentPostprocessing = 0;
		};
/* End PBXResourcesBuildPhase section */

/* Begin PBXSourcesBuildPhase section */
		651055AE2CB2A964004CCBCD /* Sources */ = {
			isa = PBXSourcesBuildPhase;
			buildActionMask = 2147483647;
			files = (
			);
			runOnlyForDeploymentPostprocessing = 0;
		};
		651055BF2CB2A966004CCBCD /* Sources */ = {
			isa = PBXSourcesBuildPhase;
			buildActionMask = 2147483647;
			files = (
			);
			runOnlyForDeploymentPostprocessing = 0;
		};
		659209A421EE46D1003AF1F4 /* Sources */ = {
			isa = PBXSourcesBuildPhase;
			buildActionMask = 2147483647;
			files = (
				65C331ED2BF8FB300072F85A /* ProgressBarKeynoteUI.m in Sources */,
				659209D521EE545D003AF1F4 /* ProgressBarPDFImage.m in Sources */,
			);
			runOnlyForDeploymentPostprocessing = 0;
		};
		659209AD21EE46D2003AF1F4 /* Sources */ = {
			isa = PBXSourcesBuildPhase;
			buildActionMask = 2147483647;
			files = (
			);
			runOnlyForDeploymentPostprocessing = 0;
		};
/* End PBXSourcesBuildPhase section */

/* Begin PBXTargetDependency section */
		651055C52CB2A966004CCBCD /* PBXTargetDependency */ = {
			isa = PBXTargetDependency;
			target = 651055B12CB2A964004CCBCD /* App for testing components */;
			targetProxy = 651055C42CB2A966004CCBCD /* PBXContainerItemProxy */;
		};
		651055E12CB2A9F0004CCBCD /* PBXTargetDependency */ = {
			isa = PBXTargetDependency;
			target = 659209A721EE46D1003AF1F4 /* KeynoteProgressBarHelper */;
			targetProxy = 651055E02CB2A9F0004CCBCD /* PBXContainerItemProxy */;
		};
		659209B421EE46D2003AF1F4 /* PBXTargetDependency */ = {
			isa = PBXTargetDependency;
			target = 659209A721EE46D1003AF1F4 /* KeynoteProgressBarHelper */;
			targetProxy = 659209B321EE46D2003AF1F4 /* PBXContainerItemProxy */;
		};
/* End PBXTargetDependency section */

/* Begin XCBuildConfiguration section */
		651055D62CB2A967004CCBCD /* Debug */ = {
			isa = XCBuildConfiguration;
			buildSettings = {
				ASSETCATALOG_COMPILER_APPICON_NAME = AppIcon;
				ASSETCATALOG_COMPILER_GENERATE_SWIFT_ASSET_SYMBOL_EXTENSIONS = YES;
				ASSETCATALOG_COMPILER_GLOBAL_ACCENT_COLOR_NAME = AccentColor;
				CLANG_CXX_LANGUAGE_STANDARD = "gnu++20";
				CODE_SIGN_ENTITLEMENTS = "App for testing components/App_for_testing_components.entitlements";
				CODE_SIGN_STYLE = Automatic;
				COMBINE_HIDPI_IMAGES = YES;
				CURRENT_PROJECT_VERSION = 1;
				DEVELOPMENT_TEAM = 9V3X7C8VCK;
				ENABLE_HARDENED_RUNTIME = YES;
				GCC_C_LANGUAGE_STANDARD = gnu17;
				GENERATE_INFOPLIST_FILE = YES;
				INFOPLIST_KEY_LSBackgroundOnly = YES;
				INFOPLIST_KEY_NSAppleEventsUsageDescription = "The app 'Add Progress Bar to Keynote' needs Accessibility permission to control Keynote.";
				INFOPLIST_KEY_NSHumanReadableCopyright = "Copyright © 2024 Andrea Alberti. All rights reserved.";
				INFOPLIST_KEY_NSMainNibFile = MainMenu;
				INFOPLIST_KEY_NSPrincipalClass = NSApplication;
				LD_RUNPATH_SEARCH_PATHS = (
					"$(inherited)",
					"@executable_path/../Frameworks",
				);
				LOCALIZATION_PREFERS_STRING_CATALOGS = YES;
				MACOSX_DEPLOYMENT_TARGET = 15.0;
				MARKETING_VERSION = 1.0;
				PRODUCT_BUNDLE_IDENTIFIER = "org.Alberti42.App-for-testing-components";
				PRODUCT_NAME = "$(TARGET_NAME)";
				SWIFT_EMIT_LOC_STRINGS = YES;
			};
			name = Debug;
		};
		651055D72CB2A967004CCBCD /* Release */ = {
			isa = XCBuildConfiguration;
			buildSettings = {
				ASSETCATALOG_COMPILER_APPICON_NAME = AppIcon;
				ASSETCATALOG_COMPILER_GENERATE_SWIFT_ASSET_SYMBOL_EXTENSIONS = YES;
				ASSETCATALOG_COMPILER_GLOBAL_ACCENT_COLOR_NAME = AccentColor;
				CLANG_CXX_LANGUAGE_STANDARD = "gnu++20";
				CODE_SIGN_ENTITLEMENTS = "App for testing components/App_for_testing_components.entitlements";
				CODE_SIGN_STYLE = Automatic;
				COMBINE_HIDPI_IMAGES = YES;
				CURRENT_PROJECT_VERSION = 1;
				DEVELOPMENT_TEAM = 9V3X7C8VCK;
				ENABLE_HARDENED_RUNTIME = YES;
				GCC_C_LANGUAGE_STANDARD = gnu17;
				GENERATE_INFOPLIST_FILE = YES;
				INFOPLIST_KEY_LSBackgroundOnly = YES;
				INFOPLIST_KEY_NSAppleEventsUsageDescription = "The app 'Add Progress Bar to Keynote' needs Accessibility permission to control Keynote.";
				INFOPLIST_KEY_NSHumanReadableCopyright = "Copyright © 2024 Andrea Alberti. All rights reserved.";
				INFOPLIST_KEY_NSMainNibFile = MainMenu;
				INFOPLIST_KEY_NSPrincipalClass = NSApplication;
				LD_RUNPATH_SEARCH_PATHS = (
					"$(inherited)",
					"@executable_path/../Frameworks",
				);
				LOCALIZATION_PREFERS_STRING_CATALOGS = YES;
				MACOSX_DEPLOYMENT_TARGET = 15.0;
				MARKETING_VERSION = 1.0;
				PRODUCT_BUNDLE_IDENTIFIER = "org.Alberti42.App-for-testing-components";
				PRODUCT_NAME = "$(TARGET_NAME)";
				SWIFT_EMIT_LOC_STRINGS = YES;
			};
			name = Release;
		};
		651055D92CB2A967004CCBCD /* Debug */ = {
			isa = XCBuildConfiguration;
			buildSettings = {
				ASSETCATALOG_COMPILER_GENERATE_SWIFT_ASSET_SYMBOL_EXTENSIONS = YES;
				BUNDLE_LOADER = "$(TEST_HOST)";
				CLANG_CXX_LANGUAGE_STANDARD = "gnu++20";
				CODE_SIGN_STYLE = Automatic;
				CURRENT_PROJECT_VERSION = 1;
				DEVELOPMENT_TEAM = 9V3X7C8VCK;
				GCC_C_LANGUAGE_STANDARD = gnu17;
				GENERATE_INFOPLIST_FILE = YES;
				INFOPLIST_KEY_NSHumanReadableCopyright = "Copyright © 2024 Andrea Alberti. All rights reserved.";
				LOCALIZATION_PREFERS_STRING_CATALOGS = YES;
				MACOSX_DEPLOYMENT_TARGET = 15.0;
				MARKETING_VERSION = 1.0;
				PRODUCT_BUNDLE_IDENTIFIER = "org.Alberti42.App-for-testing-componentsTests";
				PRODUCT_NAME = "$(TARGET_NAME)";
				SWIFT_EMIT_LOC_STRINGS = NO;
				TEST_HOST = "$(BUILT_PRODUCTS_DIR)/App for testing components.app/$(BUNDLE_EXECUTABLE_FOLDER_PATH)/App for testing components";
			};
			name = Debug;
		};
		651055DA2CB2A967004CCBCD /* Release */ = {
			isa = XCBuildConfiguration;
			buildSettings = {
				ASSETCATALOG_COMPILER_GENERATE_SWIFT_ASSET_SYMBOL_EXTENSIONS = YES;
				BUNDLE_LOADER = "$(TEST_HOST)";
				CLANG_CXX_LANGUAGE_STANDARD = "gnu++20";
				CODE_SIGN_STYLE = Automatic;
				CURRENT_PROJECT_VERSION = 1;
				DEVELOPMENT_TEAM = 9V3X7C8VCK;
				GCC_C_LANGUAGE_STANDARD = gnu17;
				GENERATE_INFOPLIST_FILE = YES;
				INFOPLIST_KEY_NSHumanReadableCopyright = "Copyright © 2024 Andrea Alberti. All rights reserved.";
				LOCALIZATION_PREFERS_STRING_CATALOGS = YES;
				MACOSX_DEPLOYMENT_TARGET = 15.0;
				MARKETING_VERSION = 1.0;
				PRODUCT_BUNDLE_IDENTIFIER = "org.Alberti42.App-for-testing-componentsTests";
				PRODUCT_NAME = "$(TARGET_NAME)";
				SWIFT_EMIT_LOC_STRINGS = NO;
				TEST_HOST = "$(BUILT_PRODUCTS_DIR)/App for testing components.app/$(BUNDLE_EXECUTABLE_FOLDER_PATH)/App for testing components";
			};
			name = Release;
		};
		659209BA21EE46D2003AF1F4 /* Debug */ = {
			isa = XCBuildConfiguration;
			buildSettings = {
				ALWAYS_SEARCH_USER_PATHS = NO;
				CLANG_ANALYZER_NONNULL = YES;
				CLANG_ANALYZER_NUMBER_OBJECT_CONVERSION = YES_AGGRESSIVE;
				CLANG_CXX_LANGUAGE_STANDARD = "gnu++14";
				CLANG_CXX_LIBRARY = "libc++";
				CLANG_ENABLE_MODULES = YES;
				CLANG_ENABLE_OBJC_ARC = YES;
				CLANG_ENABLE_OBJC_WEAK = YES;
				CLANG_WARN_BLOCK_CAPTURE_AUTORELEASING = YES;
				CLANG_WARN_BOOL_CONVERSION = YES;
				CLANG_WARN_COMMA = YES;
				CLANG_WARN_CONSTANT_CONVERSION = YES;
				CLANG_WARN_DEPRECATED_OBJC_IMPLEMENTATIONS = YES;
				CLANG_WARN_DIRECT_OBJC_ISA_USAGE = YES_ERROR;
				CLANG_WARN_DOCUMENTATION_COMMENTS = YES;
				CLANG_WARN_EMPTY_BODY = YES;
				CLANG_WARN_ENUM_CONVERSION = YES;
				CLANG_WARN_INFINITE_RECURSION = YES;
				CLANG_WARN_INT_CONVERSION = YES;
				CLANG_WARN_NON_LITERAL_NULL_CONVERSION = YES;
				CLANG_WARN_OBJC_IMPLICIT_RETAIN_SELF = YES;
				CLANG_WARN_OBJC_LITERAL_CONVERSION = YES;
				CLANG_WARN_OBJC_ROOT_CLASS = YES_ERROR;
				CLANG_WARN_QUOTED_INCLUDE_IN_FRAMEWORK_HEADER = YES;
				CLANG_WARN_RANGE_LOOP_ANALYSIS = YES;
				CLANG_WARN_STRICT_PROTOTYPES = YES;
				CLANG_WARN_SUSPICIOUS_MOVE = YES;
				CLANG_WARN_UNGUARDED_AVAILABILITY = YES_AGGRESSIVE;
				CLANG_WARN_UNREACHABLE_CODE = YES;
				CLANG_WARN__DUPLICATE_METHOD_MATCH = YES;
				CODE_SIGN_IDENTITY = "Mac Developer";
				COPY_PHASE_STRIP = NO;
				CURRENT_PROJECT_VERSION = 1;
				DEAD_CODE_STRIPPING = YES;
				DEBUG_INFORMATION_FORMAT = dwarf;
				ENABLE_STRICT_OBJC_MSGSEND = YES;
				ENABLE_TESTABILITY = YES;
				ENABLE_USER_SCRIPT_SANDBOXING = YES;
				GCC_C_LANGUAGE_STANDARD = gnu11;
				GCC_DYNAMIC_NO_PIC = NO;
				GCC_NO_COMMON_BLOCKS = YES;
				GCC_OPTIMIZATION_LEVEL = 0;
				GCC_PREPROCESSOR_DEFINITIONS = (
					"DEBUG=1",
					"$(inherited)",
				);
				GCC_WARN_64_TO_32_BIT_CONVERSION = YES;
				GCC_WARN_ABOUT_RETURN_TYPE = YES_ERROR;
				GCC_WARN_UNDECLARED_SELECTOR = YES;
				GCC_WARN_UNINITIALIZED_AUTOS = YES_AGGRESSIVE;
				GCC_WARN_UNUSED_FUNCTION = YES;
				GCC_WARN_UNUSED_VARIABLE = YES;
				MACOSX_DEPLOYMENT_TARGET = "$(RECOMMENDED_MACOSX_DEPLOYMENT_TARGET)";
				MTL_ENABLE_DEBUG_INFO = INCLUDE_SOURCE;
				MTL_FAST_MATH = YES;
				ONLY_ACTIVE_ARCH = YES;
				SDKROOT = macosx;
				VERSIONING_SYSTEM = "apple-generic";
				VERSION_INFO_PREFIX = "";
			};
			name = Debug;
		};
		659209BB21EE46D2003AF1F4 /* Release */ = {
			isa = XCBuildConfiguration;
			buildSettings = {
				ALWAYS_SEARCH_USER_PATHS = NO;
				CLANG_ANALYZER_NONNULL = YES;
				CLANG_ANALYZER_NUMBER_OBJECT_CONVERSION = YES_AGGRESSIVE;
				CLANG_CXX_LANGUAGE_STANDARD = "gnu++14";
				CLANG_CXX_LIBRARY = "libc++";
				CLANG_ENABLE_MODULES = YES;
				CLANG_ENABLE_OBJC_ARC = YES;
				CLANG_ENABLE_OBJC_WEAK = YES;
				CLANG_WARN_BLOCK_CAPTURE_AUTORELEASING = YES;
				CLANG_WARN_BOOL_CONVERSION = YES;
				CLANG_WARN_COMMA = YES;
				CLANG_WARN_CONSTANT_CONVERSION = YES;
				CLANG_WARN_DEPRECATED_OBJC_IMPLEMENTATIONS = YES;
				CLANG_WARN_DIRECT_OBJC_ISA_USAGE = YES_ERROR;
				CLANG_WARN_DOCUMENTATION_COMMENTS = YES;
				CLANG_WARN_EMPTY_BODY = YES;
				CLANG_WARN_ENUM_CONVERSION = YES;
				CLANG_WARN_INFINITE_RECURSION = YES;
				CLANG_WARN_INT_CONVERSION = YES;
				CLANG_WARN_NON_LITERAL_NULL_CONVERSION = YES;
				CLANG_WARN_OBJC_IMPLICIT_RETAIN_SELF = YES;
				CLANG_WARN_OBJC_LITERAL_CONVERSION = YES;
				CLANG_WARN_OBJC_ROOT_CLASS = YES_ERROR;
				CLANG_WARN_QUOTED_INCLUDE_IN_FRAMEWORK_HEADER = YES;
				CLANG_WARN_RANGE_LOOP_ANALYSIS = YES;
				CLANG_WARN_STRICT_PROTOTYPES = YES;
				CLANG_WARN_SUSPICIOUS_MOVE = YES;
				CLANG_WARN_UNGUARDED_AVAILABILITY = YES_AGGRESSIVE;
				CLANG_WARN_UNREACHABLE_CODE = YES;
				CLANG_WARN__DUPLICATE_METHOD_MATCH = YES;
				CODE_SIGN_IDENTITY = "Mac Developer";
				COPY_PHASE_STRIP = NO;
				CURRENT_PROJECT_VERSION = 1;
				DEAD_CODE_STRIPPING = YES;
				DEBUG_INFORMATION_FORMAT = "dwarf-with-dsym";
				ENABLE_NS_ASSERTIONS = NO;
				ENABLE_STRICT_OBJC_MSGSEND = YES;
				ENABLE_USER_SCRIPT_SANDBOXING = YES;
				GCC_C_LANGUAGE_STANDARD = gnu11;
				GCC_NO_COMMON_BLOCKS = YES;
				GCC_WARN_64_TO_32_BIT_CONVERSION = YES;
				GCC_WARN_ABOUT_RETURN_TYPE = YES_ERROR;
				GCC_WARN_UNDECLARED_SELECTOR = YES;
				GCC_WARN_UNINITIALIZED_AUTOS = YES_AGGRESSIVE;
				GCC_WARN_UNUSED_FUNCTION = YES;
				GCC_WARN_UNUSED_VARIABLE = YES;
				MACOSX_DEPLOYMENT_TARGET = "$(RECOMMENDED_MACOSX_DEPLOYMENT_TARGET)";
				MTL_ENABLE_DEBUG_INFO = NO;
				MTL_FAST_MATH = YES;
				SDKROOT = macosx;
				VERSIONING_SYSTEM = "apple-generic";
				VERSION_INFO_PREFIX = "";
			};
			name = Release;
		};
		659209BD21EE46D2003AF1F4 /* Debug */ = {
			isa = XCBuildConfiguration;
			buildSettings = {
				CODE_SIGN_IDENTITY = "";
				"CODE_SIGN_IDENTITY[sdk=macosx*]" = "-";
				CODE_SIGN_STYLE = Automatic;
				DEAD_CODE_STRIPPING = YES;
				DEFINES_MODULE = YES;
				DEVELOPMENT_TEAM = 9V3X7C8VCK;
				DYLIB_COMPATIBILITY_VERSION = 1;
				DYLIB_CURRENT_VERSION = 1;
				ENABLE_MODULE_VERIFIER = YES;
				FRAMEWORK_VERSION = A;
				GENERATE_INFOPLIST_FILE = YES;
				INFOPLIST_KEY_NSHumanReadableCopyright = "Copyright © 2019 Andrea Alberti. All rights reserved.";
				LD_RUNPATH_SEARCH_PATHS = (
					"$(inherited)",
					"@executable_path/../Frameworks",
					"@loader_path/Frameworks",
				);
				MODULE_VERIFIER_SUPPORTED_LANGUAGE_STANDARDS = "gnu11 gnu++14";
				PRODUCT_BUNDLE_IDENTIFIER = org.Alberti42.KeynoteProgressBarHelper;
				PRODUCT_NAME = "$(TARGET_NAME:c99extidentifier)";
			};
			name = Debug;
		};
		659209BE21EE46D2003AF1F4 /* Release */ = {
			isa = XCBuildConfiguration;
			buildSettings = {
				CODE_SIGN_IDENTITY = "";
				"CODE_SIGN_IDENTITY[sdk=macosx*]" = "-";
				CODE_SIGN_STYLE = Automatic;
				DEAD_CODE_STRIPPING = YES;
				DEFINES_MODULE = YES;
				DEVELOPMENT_TEAM = 9V3X7C8VCK;
				DYLIB_COMPATIBILITY_VERSION = 1;
				DYLIB_CURRENT_VERSION = 1;
				ENABLE_MODULE_VERIFIER = YES;
				FRAMEWORK_VERSION = A;
				GENERATE_INFOPLIST_FILE = YES;
				INFOPLIST_KEY_NSHumanReadableCopyright = "Copyright © 2019 Andrea Alberti. All rights reserved.";
				LD_RUNPATH_SEARCH_PATHS = (
					"$(inherited)",
					"@executable_path/../Frameworks",
					"@loader_path/Frameworks",
				);
				MODULE_VERIFIER_SUPPORTED_LANGUAGE_STANDARDS = "gnu11 gnu++14";
				PRODUCT_BUNDLE_IDENTIFIER = org.Alberti42.KeynoteProgressBarHelper;
				PRODUCT_NAME = "$(TARGET_NAME:c99extidentifier)";
			};
			name = Release;
		};
		659209C021EE46D2003AF1F4 /* Debug */ = {
			isa = XCBuildConfiguration;
			buildSettings = {
				"CODE_SIGN_IDENTITY[sdk=macosx*]" = "-";
				CODE_SIGN_STYLE = Automatic;
				COMBINE_HIDPI_IMAGES = YES;
				DEAD_CODE_STRIPPING = YES;
				DEVELOPMENT_TEAM = 9V3X7C8VCK;
				GENERATE_INFOPLIST_FILE = YES;
				INFOPLIST_KEY_NSHumanReadableCopyright = "Copyright © 2019 Andrea Alberti. All rights reserved.";
				LD_RUNPATH_SEARCH_PATHS = (
					"$(inherited)",
					"@executable_path/../Frameworks",
					"@loader_path/../Frameworks",
				);
				MACOSX_DEPLOYMENT_TARGET = 14.0;
				PRODUCT_BUNDLE_IDENTIFIER = org.Alberti42.KeynoteProgressBarHelperTests;
				PRODUCT_NAME = "$(TARGET_NAME)";
			};
			name = Debug;
		};
		659209C121EE46D2003AF1F4 /* Release */ = {
			isa = XCBuildConfiguration;
			buildSettings = {
				"CODE_SIGN_IDENTITY[sdk=macosx*]" = "-";
				CODE_SIGN_STYLE = Automatic;
				COMBINE_HIDPI_IMAGES = YES;
				DEAD_CODE_STRIPPING = YES;
				DEVELOPMENT_TEAM = 9V3X7C8VCK;
				GENERATE_INFOPLIST_FILE = YES;
				INFOPLIST_KEY_NSHumanReadableCopyright = "Copyright © 2019 Andrea Alberti. All rights reserved.";
				LD_RUNPATH_SEARCH_PATHS = (
					"$(inherited)",
					"@executable_path/../Frameworks",
					"@loader_path/../Frameworks",
				);
				MACOSX_DEPLOYMENT_TARGET = 14.0;
				PRODUCT_BUNDLE_IDENTIFIER = org.Alberti42.KeynoteProgressBarHelperTests;
				PRODUCT_NAME = "$(TARGET_NAME)";
			};
			name = Release;
		};
/* End XCBuildConfiguration section */

/* Begin XCConfigurationList section */
		651055D52CB2A967004CCBCD /* Build configuration list for PBXNativeTarget "App for testing components" */ = {
			isa = XCConfigurationList;
			buildConfigurations = (
				651055D62CB2A967004CCBCD /* Debug */,
				651055D72CB2A967004CCBCD /* Release */,
			);
			defaultConfigurationIsVisible = 0;
			defaultConfigurationName = Release;
		};
		651055D82CB2A967004CCBCD /* Build configuration list for PBXNativeTarget "App for testing componentsTests" */ = {
			isa = XCConfigurationList;
			buildConfigurations = (
				651055D92CB2A967004CCBCD /* Debug */,
				651055DA2CB2A967004CCBCD /* Release */,
			);
			defaultConfigurationIsVisible = 0;
			defaultConfigurationName = Release;
		};
		659209A221EE46D1003AF1F4 /* Build configuration list for PBXProject "KeynoteProgressBarHelper" */ = {
			isa = XCConfigurationList;
			buildConfigurations = (
				659209BA21EE46D2003AF1F4 /* Debug */,
				659209BB21EE46D2003AF1F4 /* Release */,
			);
			defaultConfigurationIsVisible = 0;
			defaultConfigurationName = Release;
		};
		659209BC21EE46D2003AF1F4 /* Build configuration list for PBXNativeTarget "KeynoteProgressBarHelper" */ = {
			isa = XCConfigurationList;
			buildConfigurations = (
				659209BD21EE46D2003AF1F4 /* Debug */,
				659209BE21EE46D2003AF1F4 /* Release */,
			);
			defaultConfigurationIsVisible = 0;
			defaultConfigurationName = Release;
		};
		659209BF21EE46D2003AF1F4 /* Build configuration list for PBXNativeTarget "KeynoteProgressBarHelperTests" */ = {
			isa = XCConfigurationList;
			buildConfigurations = (
				659209C021EE46D2003AF1F4 /* Debug */,
				659209C121EE46D2003AF1F4 /* Release */,
			);
			defaultConfigurationIsVisible = 0;
			defaultConfigurationName = Release;
		};
/* End XCConfigurationList section */
	};
	rootObject = 6592099F21EE46D1003AF1F4 /* Project object */;
}
